
Microsoft Visual Studio Solution File, Format Version 12.00
# Visual Studio Version 17
VisualStudioVersion = 17.6.33815.320
MinimumVisualStudioVersion = 10.0.40219.1
Project("{FAE04EC0-301F-11D3-BF4B-00C04F79EFBC}") = "DylanDeSouzaSlidingBlockExercise.UWP", "DylanDeSouzaSlidingBlockExercise\DylanDeSouzaSlidingBlockExercise.UWP\DylanDeSouzaSlidingBlockExercise.UWP.csproj", "{334BB383-6CF7-4ACA-8ED1-4FC4F413F23D}"
EndProject
Project("{FAE04EC0-301F-11D3-BF4B-00C04F79EFBC}") = "DylanDeSouzaSlidingBlockExercise.Android", "DylanDeSouzaSlidingBlockExercise\DylanDeSouzaSlidingBlockExercise.Android\DylanDeSouzaSlidingBlockExercise.Android.csproj", "{EC6E8B0D-BD17-4540-8855-61829A1113EF}"
EndProject
Project("{FAE04EC0-301F-11D3-BF4B-00C04F79EFBC}") = "DylanDeSouzaSlidingBlockExercise.iOS", "DylanDeSouzaSlidingBlockExercise\DylanDeSouzaSlidingBlockExercise.iOS\DylanDeSouzaSlidingBlockExercise.iOS.csproj", "{09F91787-0967-4C18-ABD5-4521B74CE5CB}"
EndProject
Project("{9A19103F-16F7-4668-BE54-9A1E7A4F7556}") = "DylanDeSouzaSlidingBlockExercise", "DylanDeSouzaSlidingBlockExercise\DylanDeSouzaSlidingBlockExercise\DylanDeSouzaSlidingBlockExercise.csproj", "{DA705C82-E1CB-4D16-A7C1-4B46F4526EDB}"
EndProject
Global
	GlobalSection(SolutionConfigurationPlatforms) = preSolution
		Debug|Any CPU = Debug|Any CPU
		Debug|ARM = Debug|ARM
		Debug|iPhone = Debug|iPhone
		Debug|iPhoneSimulator = Debug|iPhoneSimulator
		Debug|x64 = Debug|x64
		Debug|x86 = Debug|x86
		Release|Any CPU = Release|Any CPU
		Release|ARM = Release|ARM
		Release|iPhone = Release|iPhone
		Release|iPhoneSimulator = Release|iPhoneSimulator
		Release|x64 = Release|x64
		Release|x86 = Release|x86
	EndGlobalSection
	GlobalSection(ProjectConfigurationPlatforms) = postSolution
		{334BB383-6CF7-4ACA-8ED1-4FC4F413F23D}.Debug|Any CPU.ActiveCfg = Debug|x64
		{334BB383-6CF7-4ACA-8ED1-4FC4F413F23D}.Debug|Any CPU.Build.0 = Debug|x64
		{334BB383-6CF7-4ACA-8ED1-4FC4F413F23D}.Debug|Any CPU.Deploy.0 = Debug|x64
		{334BB383-6CF7-4ACA-8ED1-4FC4F413F23D}.Debug|ARM.ActiveCfg = Debug|ARM
		{334BB383-6CF7-4ACA-8ED1-4FC4F413F23D}.Debug|ARM.Build.0 = Debug|ARM
		{334BB383-6CF7-4ACA-8ED1-4FC4F413F23D}.Debug|ARM.Deploy.0 = Debug|ARM
		{334BB383-6CF7-4ACA-8ED1-4FC4F413F23D}.Debug|iPhone.ActiveCfg = Debug|x64
		{334BB383-6CF7-4ACA-8ED1-4FC4F413F23D}.Debug|iPhone.Build.0 = Debug|x64
		{334BB383-6CF7-4ACA-8ED1-4FC4F413F23D}.Debug|iPhone.Deploy.0 = Debug|x64
		{334BB383-6CF7-4ACA-8ED1-4FC4F413F23D}.Debug|iPhoneSimulator.ActiveCfg = Debug|x64
		{334BB383-6CF7-4ACA-8ED1-4FC4F413F23D}.Debug|iPhoneSimulator.Build.0 = Debug|x64
		{334BB383-6CF7-4ACA-8ED1-4FC4F413F23D}.Debug|iPhoneSimulator.Deploy.0 = Debug|x64
		{334BB383-6CF7-4ACA-8ED1-4FC4F413F23D}.Debug|x64.ActiveCfg = Debug|x64
		{334BB383-6CF7-4ACA-8ED1-4FC4F413F23D}.Debug|x64.Build.0 = Debug|x64
		{334BB383-6CF7-4ACA-8ED1-4FC4F413F23D}.Debug|x64.Deploy.0 = Debug|x64
		{334BB383-6CF7-4ACA-8ED1-4FC4F413F23D}.Debug|x86.ActiveCfg = Debug|x86
		{334BB383-6CF7-4ACA-8ED1-4FC4F413F23D}.Debug|x86.Build.0 = Debug|x86
		{334BB383-6CF7-4ACA-8ED1-4FC4F413F23D}.Debug|x86.Deploy.0 = Debug|x86
		{334BB383-6CF7-4ACA-8ED1-4FC4F413F23D}.Release|Any CPU.ActiveCfg = Release|x64
		{334BB383-6CF7-4ACA-8ED1-4FC4F413F23D}.Release|Any CPU.Build.0 = Release|x64
		{334BB383-6CF7-4ACA-8ED1-4FC4F413F23D}.Release|Any CPU.Deploy.0 = Release|x64
		{334BB383-6CF7-4ACA-8ED1-4FC4F413F23D}.Release|ARM.ActiveCfg = Release|ARM
		{334BB383-6CF7-4ACA-8ED1-4FC4F413F23D}.Release|ARM.Build.0 = Release|ARM
		{334BB383-6CF7-4ACA-8ED1-4FC4F413F23D}.Release|ARM.Deploy.0 = Release|ARM
		{334BB383-6CF7-4ACA-8ED1-4FC4F413F23D}.Release|iPhone.ActiveCfg = Release|x64
		{334BB383-6CF7-4ACA-8ED1-4FC4F413F23D}.Release|iPhone.Build.0 = Release|x64
		{334BB383-6CF7-4ACA-8ED1-4FC4F413F23D}.Release|iPhone.Deploy.0 = Release|x64
		{334BB383-6CF7-4ACA-8ED1-4FC4F413F23D}.Release|iPhoneSimulator.ActiveCfg = Release|x64
		{334BB383-6CF7-4ACA-8ED1-4FC4F413F23D}.Release|iPhoneSimulator.Build.0 = Release|x64
		{334BB383-6CF7-4ACA-8ED1-4FC4F413F23D}.Release|iPhoneSimulator.Deploy.0 = Release|x64
		{334BB383-6CF7-4ACA-8ED1-4FC4F413F23D}.Release|x64.ActiveCfg = Release|x64
		{334BB383-6CF7-4ACA-8ED1-4FC4F413F23D}.Release|x64.Build.0 = Release|x64
		{334BB383-6CF7-4ACA-8ED1-4FC4F413F23D}.Release|x64.Deploy.0 = Release|x64
		{334BB383-6CF7-4ACA-8ED1-4FC4F413F23D}.Release|x86.ActiveCfg = Release|x86
		{334BB383-6CF7-4ACA-8ED1-4FC4F413F23D}.Release|x86.Build.0 = Release|x86
		{334BB383-6CF7-4ACA-8ED1-4FC4F413F23D}.Release|x86.Deploy.0 = Release|x86
		{EC6E8B0D-BD17-4540-8855-61829A1113EF}.Debug|Any CPU.ActiveCfg = Debug|Any CPU
		{EC6E8B0D-BD17-4540-8855-61829A1113EF}.Debug|Any CPU.Build.0 = Debug|Any CPU
		{EC6E8B0D-BD17-4540-8855-61829A1113EF}.Debug|Any CPU.Deploy.0 = Debug|Any CPU
		{EC6E8B0D-BD17-4540-8855-61829A1113EF}.Debug|ARM.ActiveCfg = Debug|Any CPU
		{EC6E8B0D-BD17-4540-8855-61829A1113EF}.Debug|ARM.Build.0 = Debug|Any CPU
		{EC6E8B0D-BD17-4540-8855-61829A1113EF}.Debug|ARM.Deploy.0 = Debug|Any CPU
		{EC6E8B0D-BD17-4540-8855-61829A1113EF}.Debug|iPhone.ActiveCfg = Debug|Any CPU
		{EC6E8B0D-BD17-4540-8855-61829A1113EF}.Debug|iPhone.Build.0 = Debug|Any CPU
		{EC6E8B0D-BD17-4540-8855-61829A1113EF}.Debug|iPhone.Deploy.0 = Debug|Any CPU
		{EC6E8B0D-BD17-4540-8855-61829A1113EF}.Debug|iPhoneSimulator.ActiveCfg = Debug|Any CPU
		{EC6E8B0D-BD17-4540-8855-61829A1113EF}.Debug|iPhoneSimulator.Build.0 = Debug|Any CPU
		{EC6E8B0D-BD17-4540-8855-61829A1113EF}.Debug|iPhoneSimulator.Deploy.0 = Debug|Any CPU
		{EC6E8B0D-BD17-4540-8855-61829A1113EF}.Debug|x64.ActiveCfg = Debug|Any CPU
		{EC6E8B0D-BD17-4540-8855-61829A1113EF}.Debug|x64.Build.0 = Debug|Any CPU
		{EC6E8B0D-BD17-4540-8855-61829A1113EF}.Debug|x64.Deploy.0 = Debug|Any CPU
		{EC6E8B0D-BD17-4540-8855-61829A1113EF}.Debug|x86.ActiveCfg = Debug|Any CPU
		{EC6E8B0D-BD17-4540-8855-61829A1113EF}.Debug|x86.Build.0 = Debug|Any CPU
		{EC6E8B0D-BD17-4540-8855-61829A1113EF}.Debug|x86.Deploy.0 = Debug|Any CPU
		{EC6E8B0D-BD17-4540-8855-61829A1113EF}.Release|Any CPU.ActiveCfg = Release|Any CPU
		{EC6E8B0D-BD17-4540-8855-61829A1113EF}.Release|Any CPU.Build.0 = Release|Any CPU
		{EC6E8B0D-BD17-4540-8855-61829A1113EF}.Release|Any CPU.Deploy.0 = Release|Any CPU
		{EC6E8B0D-BD17-4540-8855-61829A1113EF}.Release|ARM.ActiveCfg = Release|Any CPU
		{EC6E8B0D-BD17-4540-8855-61829A1113EF}.Release|ARM.Build.0 = Release|Any CPU
		{EC6E8B0D-BD17-4540-8855-61829A1113EF}.Release|ARM.Deploy.0 = Release|Any CPU
		{EC6E8B0D-BD17-4540-8855-61829A1113EF}.Release|iPhone.ActiveCfg = Release|Any CPU
		{EC6E8B0D-BD17-4540-8855-61829A1113EF}.Release|iPhone.Build.0 = Release|Any CPU
		{EC6E8B0D-BD17-4540-8855-61829A1113EF}.Release|iPhone.Deploy.0 = Release|Any CPU
		{EC6E8B0D-BD17-4540-8855-61829A1113EF}.Release|iPhoneSimulator.ActiveCfg = Release|Any CPU
		{EC6E8B0D-BD17-4540-8855-61829A1113EF}.Release|iPhoneSimulator.Build.0 = Release|Any CPU
		{EC6E8B0D-BD17-4540-8855-61829A1113EF}.Release|iPhoneSimulator.Deploy.0 = Release|Any CPU
		{EC6E8B0D-BD17-4540-8855-61829A1113EF}.Release|x64.ActiveCfg = Release|Any CPU
		{EC6E8B0D-BD17-4540-8855-61829A1113EF}.Release|x64.Build.0 = Release|Any CPU
		{EC6E8B0D-BD17-4540-8855-61829A1113EF}.Release|x64.Deploy.0 = Release|Any CPU
		{EC6E8B0D-BD17-4540-8855-61829A1113EF}.Release|x86.ActiveCfg = Release|Any CPU
		{EC6E8B0D-BD17-4540-8855-61829A1113EF}.Release|x86.Build.0 = Release|Any CPU
		{EC6E8B0D-BD17-4540-8855-61829A1113EF}.Release|x86.Deploy.0 = Release|Any CPU
		{09F91787-0967-4C18-ABD5-4521B74CE5CB}.Debug|Any CPU.ActiveCfg = Debug|iPhoneSimulator
		{09F91787-0967-4C18-ABD5-4521B74CE5CB}.Debug|Any CPU.Build.0 = Debug|iPhoneSimulator
		{09F91787-0967-4C18-ABD5-4521B74CE5CB}.Debug|Any CPU.Deploy.0 = Debug|iPhoneSimulator
		{09F91787-0967-4C18-ABD5-4521B74CE5CB}.Debug|ARM.ActiveCfg = Debug|iPhoneSimulator
		{09F91787-0967-4C18-ABD5-4521B74CE5CB}.Debug|ARM.Build.0 = Debug|iPhoneSimulator
		{09F91787-0967-4C18-ABD5-4521B74CE5CB}.Debug|ARM.Deploy.0 = Debug|iPhoneSimulator
		{09F91787-0967-4C18-ABD5-4521B74CE5CB}.Debug|iPhone.ActiveCfg = Debug|iPhone
		{09F91787-0967-4C18-ABD5-4521B74CE5CB}.Debug|iPhone.Build.0 = Debug|iPhone
		{09F91787-0967-4C18-ABD5-4521B74CE5CB}.Debug|iPhone.Deploy.0 = Debug|iPhone
		{09F91787-0967-4C18-ABD5-4521B74CE5CB}.Debug|iPhoneSimulator.ActiveCfg = Debug|iPhoneSimulator
		{09F91787-0967-4C18-ABD5-4521B74CE5CB}.Debug|iPhoneSimulator.Build.0 = Debug|iPhoneSimulator
		{09F91787-0967-4C18-ABD5-4521B74CE5CB}.Debug|iPhoneSimulator.Deploy.0 = Debug|iPhoneSimulator
		{09F91787-0967-4C18-ABD5-4521B74CE5CB}.Debug|x64.ActiveCfg = Debug|iPhone
		{09F91787-0967-4C18-ABD5-4521B74CE5CB}.Debug|x64.Build.0 = Debug|iPhone
		{09F91787-0967-4C18-ABD5-4521B74CE5CB}.Debug|x64.Deploy.0 = Debug|iPhone
		{09F91787-0967-4C18-ABD5-4521B74CE5CB}.Debug|x86.ActiveCfg = Debug|iPhoneSimulator
		{09F91787-0967-4C18-ABD5-4521B74CE5CB}.Debug|x86.Build.0 = Debug|iPhoneSimulator
		{09F91787-0967-4C18-ABD5-4521B74CE5CB}.Debug|x86.Deploy.0 = Debug|iPhoneSimulator
		{09F91787-0967-4C18-ABD5-4521B74CE5CB}.Release|Any CPU.ActiveCfg = Release|iPhoneSimulator
		{09F91787-0967-4C18-ABD5-4521B74CE5CB}.Release|Any CPU.Build.0 = Release|iPhoneSimulator
		{09F91787-0967-4C18-ABD5-4521B74CE5CB}.Release|Any CPU.Deploy.0 = Release|iPhoneSimulator
		{09F91787-0967-4C18-ABD5-4521B74CE5CB}.Release|ARM.ActiveCfg = Release|iPhoneSimulator
		{09F91787-0967-4C18-ABD5-4521B74CE5CB}.Release|ARM.Build.0 = Release|iPhoneSimulator
		{09F91787-0967-4C18-ABD5-4521B74CE5CB}.Release|ARM.Deploy.0 = Release|iPhoneSimulator
		{09F91787-0967-4C18-ABD5-4521B74CE5CB}.Release|iPhone.ActiveCfg = Release|iPhone
		{09F91787-0967-4C18-ABD5-4521B74CE5CB}.Release|iPhone.Build.0 = Release|iPhone
		{09F91787-0967-4C18-ABD5-4521B74CE5CB}.Release|iPhone.Deploy.0 = Release|iPhone
		{09F91787-0967-4C18-ABD5-4521B74CE5CB}.Release|iPhoneSimulator.ActiveCfg = Release|iPhoneSimulator
		{09F91787-0967-4C18-ABD5-4521B74CE5CB}.Release|iPhoneSimulator.Build.0 = Release|iPhoneSimulator
		{09F91787-0967-4C18-ABD5-4521B74CE5CB}.Release|iPhoneSimulator.Deploy.0 = Release|iPhoneSimulator
		{09F91787-0967-4C18-ABD5-4521B74CE5CB}.Release|x64.ActiveCfg = Release|iPhoneSimulator
		{09F91787-0967-4C18-ABD5-4521B74CE5CB}.Release|x64.Build.0 = Release|iPhoneSimulator
		{09F91787-0967-4C18-ABD5-4521B74CE5CB}.Release|x64.Deploy.0 = Release|iPhoneSimulator
		{09F91787-0967-4C18-ABD5-4521B74CE5CB}.Release|x86.ActiveCfg = Release|iPhoneSimulator
		{09F91787-0967-4C18-ABD5-4521B74CE5CB}.Release|x86.Build.0 = Release|iPhoneSimulator
		{09F91787-0967-4C18-ABD5-4521B74CE5CB}.Release|x86.Deploy.0 = Release|iPhoneSimulator
		{DA705C82-E1CB-4D16-A7C1-4B46F4526EDB}.Debug|Any CPU.ActiveCfg = Debug|Any CPU
		{DA705C82-E1CB-4D16-A7C1-4B46F4526EDB}.Debug|Any CPU.Build.0 = Debug|Any CPU
		{DA705C82-E1CB-4D16-A7C1-4B46F4526EDB}.Debug|Any CPU.Deploy.0 = Debug|Any CPU
		{DA705C82-E1CB-4D16-A7C1-4B46F4526EDB}.Debug|ARM.ActiveCfg = Debug|Any CPU
		{DA705C82-E1CB-4D16-A7C1-4B46F4526EDB}.Debug|ARM.Build.0 = Debug|Any CPU
		{DA705C82-E1CB-4D16-A7C1-4B46F4526EDB}.Debug|ARM.Deploy.0 = Debug|Any CPU
		{DA705C82-E1CB-4D16-A7C1-4B46F4526EDB}.Debug|iPhone.ActiveCfg = Debug|Any CPU
		{DA705C82-E1CB-4D16-A7C1-4B46F4526EDB}.Debug|iPhone.Build.0 = Debug|Any CPU
		{DA705C82-E1CB-4D16-A7C1-4B46F4526EDB}.Debug|iPhone.Deploy.0 = Debug|Any CPU
		{DA705C82-E1CB-4D16-A7C1-4B46F4526EDB}.Debug|iPhoneSimulator.ActiveCfg = Debug|Any CPU
		{DA705C82-E1CB-4D16-A7C1-4B46F4526EDB}.Debug|iPhoneSimulator.Build.0 = Debug|Any CPU
		{DA705C82-E1CB-4D16-A7C1-4B46F4526EDB}.Debug|iPhoneSimulator.Deploy.0 = Debug|Any CPU
		{DA705C82-E1CB-4D16-A7C1-4B46F4526EDB}.Debug|x64.ActiveCfg = Debug|Any CPU
		{DA705C82-E1CB-4D16-A7C1-4B46F4526EDB}.Debug|x64.Build.0 = Debug|Any CPU
		{DA705C82-E1CB-4D16-A7C1-4B46F4526EDB}.Debug|x64.Deploy.0 = Debug|Any CPU
		{DA705C82-E1CB-4D16-A7C1-4B46F4526EDB}.Debug|x86.ActiveCfg = Debug|Any CPU
		{DA705C82-E1CB-4D16-A7C1-4B46F4526EDB}.Debug|x86.Build.0 = Debug|Any CPU
		{DA705C82-E1CB-4D16-A7C1-4B46F4526EDB}.Debug|x86.Deploy.0 = Debug|Any CPU
		{DA705C82-E1CB-4D16-A7C1-4B46F4526EDB}.Release|Any CPU.ActiveCfg = Release|Any CPU
		{DA705C82-E1CB-4D16-A7C1-4B46F4526EDB}.Release|Any CPU.Build.0 = Release|Any CPU
		{DA705C82-E1CB-4D16-A7C1-4B46F4526EDB}.Release|Any CPU.Deploy.0 = Release|Any CPU
		{DA705C82-E1CB-4D16-A7C1-4B46F4526EDB}.Release|ARM.ActiveCfg = Release|Any CPU
		{DA705C82-E1CB-4D16-A7C1-4B46F4526EDB}.Release|ARM.Build.0 = Release|Any CPU
		{DA705C82-E1CB-4D16-A7C1-4B46F4526EDB}.Release|ARM.Deploy.0 = Release|Any CPU
		{DA705C82-E1CB-4D16-A7C1-4B46F4526EDB}.Release|iPhone.ActiveCfg = Release|Any CPU
		{DA705C82-E1CB-4D16-A7C1-4B46F4526EDB}.Release|iPhone.Build.0 = Release|Any CPU
		{DA705C82-E1CB-4D16-A7C1-4B46F4526EDB}.Release|iPhone.Deploy.0 = Release|Any CPU
		{DA705C82-E1CB-4D16-A7C1-4B46F4526EDB}.Release|iPhoneSimulator.ActiveCfg = Release|Any CPU
		{DA705C82-E1CB-4D16-A7C1-4B46F4526EDB}.Release|iPhoneSimulator.Build.0 = Release|Any CPU
		{DA705C82-E1CB-4D16-A7C1-4B46F4526EDB}.Release|iPhoneSimulator.Deploy.0 = Release|Any CPU
		{DA705C82-E1CB-4D16-A7C1-4B46F4526EDB}.Release|x64.ActiveCfg = Release|Any CPU
		{DA705C82-E1CB-4D16-A7C1-4B46F4526EDB}.Release|x64.Build.0 = Release|Any CPU
		{DA705C82-E1CB-4D16-A7C1-4B46F4526EDB}.Release|x64.Deploy.0 = Release|Any CPU
		{DA705C82-E1CB-4D16-A7C1-4B46F4526EDB}.Release|x86.ActiveCfg = Release|Any CPU
		{DA705C82-E1CB-4D16-A7C1-4B46F4526EDB}.Release|x86.Build.0 = Release|Any CPU
		{DA705C82-E1CB-4D16-A7C1-4B46F4526EDB}.Release|x86.Deploy.0 = Release|Any CPU
	EndGlobalSection
	GlobalSection(SolutionProperties) = preSolution
		HideSolutionNode = FALSE
	EndGlobalSection
	GlobalSection(ExtensibilityGlobals) = postSolution
		SolutionGuid = {C30D4D9A-1755-45CC-8C45-4D9879ACF07B}
	EndGlobalSection
EndGlobal
